Microsoft Visual Studio Solution File, Format Version 12.00
# Visual Studio Version 16
VisualStudioVersion = 16.0.29503.13
MinimumVisualStudioVersion = 10.0.40219.1
Project("{9A19103F-16F7-4668-BE54-9A1E7A4F7556}") = "FreshMVC", "FreshMVC\FreshMVC.csproj", "{0B2995D8-938F-4BC1-9E8D-296EB575FD94}"
EndProject
Project("{9A19103F-16F7-4668-BE54-9A1E7A4F7556}") = "Entity.Context", "..\Entity.Context\Entity.Context.csproj", "{31F8E3C7-1944-45BB-89D6-A281454DDC29}"
EndProject
Global
	GlobalSection(SolutionConfigurationPlatforms) = preSolution
		Debug|Any CPU = Debug|Any CPU
		Release|Any CPU = Release|Any CPU
	EndGlobalSection
	GlobalSection(ProjectConfigurationPlatforms) = postSolution
		{0B2995D8-938F-4BC1-9E8D-296EB575FD94}.Debug|Any CPU.ActiveCfg = Debug|Any CPU
		{0B2995D8-938F-4BC1-9E8D-296EB575FD94}.Debug|Any CPU.Build.0 = Debug|Any CPU
		{0B2995D8-938F-4BC1-9E8D-296EB575FD94}.Release|Any CPU.ActiveCfg = Release|Any CPU
		{0B2995D8-938F-4BC1-9E8D-296EB575FD94}.Release|Any CPU.Build.0 = Release|Any CPU
		{31F8E3C7-1944-45BB-89D6-A281454DDC29}.Debug|Any CPU.ActiveCfg = Debug|Any CPU
		{31F8E3C7-1944-45BB-89D6-A281454DDC29}.Debug|Any CPU.Build.0 = Debug|Any CPU
		{31F8E3C7-1944-45BB-89D6-A281454DDC29}.Release|Any CPU.ActiveCfg = Release|Any CPU
		{31F8E3C7-1944-45BB-89D6-A281454DDC29}.Release|Any CPU.Build.0 = Release|Any CPU
	EndGlobalSection
	GlobalSection(SolutionProperties) = preSolution
		HideSolutionNode = FALSE
	EndGlobalSection
	GlobalSection(ExtensibilityGlobals) = postSolution
		SolutionGuid = {8DB29629-D6B5-4A3E-92DA-6B164D212929}
	EndGlobalSection
EndGlobal
